
Microsoft Visual Studio Solution File, Format Version 12.00
# Visual Studio Version 17
VisualStudioVersion = 17.7.34221.43
MinimumVisualStudioVersion = 10.0.40219.1
Project("{FAE04EC0-301F-11D3-BF4B-00C04F79EFBC}") = "GRPC.Client", "GRPC\GRPC.Client.csproj", "{C9B79BAD-446D-44F0-B7DB-B89212B75DBD}"
EndProject
Project("{FAE04EC0-301F-11D3-BF4B-00C04F79EFBC}") = "SimpleGrpcService", "SimpleGrpcService\SimpleGrpcService.csproj", "{2AB00E01-D1A1-471C-A853-F7E6D4A616B7}"
EndProject
Global
	GlobalSection(SolutionConfigurationPlatforms) = preSolution
		Debug|Any CPU = Debug|Any CPU
		Release|Any CPU = Release|Any CPU
	EndGlobalSection
	GlobalSection(ProjectConfigurationPlatforms) = postSolution
		{C9B79BAD-446D-44F0-B7DB-B89212B75DBD}.Debug|Any CPU.ActiveCfg = Debug|Any CPU
		{C9B79BAD-446D-44F0-B7DB-B89212B75DBD}.Debug|Any CPU.Build.0 = Debug|Any CPU
		{C9B79BAD-446D-44F0-B7DB-B89212B75DBD}.Release|Any CPU.ActiveCfg = Release|Any CPU
		{C9B79BAD-446D-44F0-B7DB-B89212B75DBD}.Release|Any CPU.Build.0 = Release|Any CPU
		{2AB00E01-D1A1-471C-A853-F7E6D4A616B7}.Debug|Any CPU.ActiveCfg = Debug|Any CPU
		{2AB00E01-D1A1-471C-A853-F7E6D4A616B7}.Debug|Any CPU.Build.0 = Debug|Any CPU
		{2AB00E01-D1A1-471C-A853-F7E6D4A616B7}.Release|Any CPU.ActiveCfg = Release|Any CPU
		{2AB00E01-D1A1-471C-A853-F7E6D4A616B7}.Release|Any CPU.Build.0 = Release|Any CPU
	EndGlobalSection
	GlobalSection(SolutionProperties) = preSolution
		HideSolutionNode = FALSE
	EndGlobalSection
	GlobalSection(ExtensibilityGlobals) = postSolution
		SolutionGuid = {5180A618-1585-4A5A-AA44-9565708984DD}
	EndGlobalSection
EndGlobal
